
Microsoft Visual Studio Solution File, Format Version 12.00
# Visual Studio Version 16
VisualStudioVersion = 16.0.30104.148
MinimumVisualStudioVersion = 10.0.40219.1
Project("{FAE04EC0-301F-11D3-BF4B-00C04F79EFBC}") = "Bank", "Bank\Bank.csproj", "{CC8EC356-DD98-4AD8-88B2-37738C6A7F6A}"
EndProject
Project("{FAE04EC0-301F-11D3-BF4B-00C04F79EFBC}") = "BankTests", "BankTests\BankTests.csproj", "{C360676A-DC7C-4699-8927-B788690D3E9D}"
EndProject
Global
	GlobalSection(SolutionConfigurationPlatforms) = preSolution
		Debug|Any CPU = Debug|Any CPU
		Release|Any CPU = Release|Any CPU
	EndGlobalSection
	GlobalSection(ProjectConfigurationPlatforms) = postSolution
		{CC8EC356-DD98-4AD8-88B2-37738C6A7F6A}.Debug|Any CPU.ActiveCfg = Debug|Any CPU
		{CC8EC356-DD98-4AD8-88B2-37738C6A7F6A}.Debug|Any CPU.Build.0 = Debug|Any CPU
		{CC8EC356-DD98-4AD8-88B2-37738C6A7F6A}.Release|Any CPU.ActiveCfg = Release|Any CPU
		{CC8EC356-DD98-4AD8-88B2-37738C6A7F6A}.Release|Any CPU.Build.0 = Release|Any CPU
		{C360676A-DC7C-4699-8927-B788690D3E9D}.Debug|Any CPU.ActiveCfg = Debug|Any CPU
		{C360676A-DC7C-4699-8927-B788690D3E9D}.Debug|Any CPU.Build.0 = Debug|Any CPU
		{C360676A-DC7C-4699-8927-B788690D3E9D}.Release|Any CPU.ActiveCfg = Release|Any CPU
		{C360676A-DC7C-4699-8927-B788690D3E9D}.Release|Any CPU.Build.0 = Release|Any CPU
	EndGlobalSection
	GlobalSection(SolutionProperties) = preSolution
		HideSolutionNode = FALSE
	EndGlobalSection
	GlobalSection(ExtensibilityGlobals) = postSolution
		SolutionGuid = {00B31877-49B4-45A3-B08F-2E7E0953A0C3}
	EndGlobalSection
EndGlobal
